Microsoft Visual Studio Solution File, Format Version 11.00
# Visual Studio 2008

Project("{C84E7138-DD42-EAF9-4143-40E470BFEB3B}") = "Tank Game 1", "Assembly-CSharp.csproj", "{288E493E-18CA-CA89-987F-4767067DF016}"
EndProject
Project("{C84E7138-DD42-EAF9-4143-40E470BFEB3B}") = "Tank Game 1", "Assembly-UnityScript.unityproj", "{BDB7D610-AA68-AE36-EF4B-282B6EC4865B}"
EndProject
Global
	GlobalSection(SolutionConfigurationPlatforms) = preSolution
		Debug|Any CPU = Debug|Any CPU
		Release|Any CPU = Release|Any CPU
	EndGlobalSection
	GlobalSection(ProjectConfigurationPlatforms) = postSolution
		{288E493E-18CA-CA89-987F-4767067DF016}.Debug|Any CPU.ActiveCfg = Debug|Any CPU
		{288E493E-18CA-CA89-987F-4767067DF016}.Debug|Any CPU.Build.0 = Debug|Any CPU
		{288E493E-18CA-CA89-987F-4767067DF016}.Release|Any CPU.ActiveCfg = Release|Any CPU
		{288E493E-18CA-CA89-987F-4767067DF016}.Release|Any CPU.Build.0 = Release|Any CPU
		{BDB7D610-AA68-AE36-EF4B-282B6EC4865B}.Debug|Any CPU.ActiveCfg = Debug|Any CPU
		{BDB7D610-AA68-AE36-EF4B-282B6EC4865B}.Debug|Any CPU.Build.0 = Debug|Any CPU
		{BDB7D610-AA68-AE36-EF4B-282B6EC4865B}.Release|Any CPU.ActiveCfg = Release|Any CPU
		{BDB7D610-AA68-AE36-EF4B-282B6EC4865B}.Release|Any CPU.Build.0 = Release|Any CPU
	EndGlobalSection
	GlobalSection(SolutionProperties) = preSolution
		HideSolutionNode = FALSE
	EndGlobalSection
																															GlobalSection(MonoDevelopProperties) = preSolution
		StartupItem = Assembly-CSharp.csproj
		Policies = $0
		$0.TextStylePolicy = $1
		$1.inheritsSet = null
		$1.scope = text/x-csharp
		$0.CSharpFormattingPolicy = $2
		$2.inheritsSet = Mono
		$2.inheritsScope = text/x-csharp
		$2.scope = text/x-csharp
		$0.TextStylePolicy = $3
		$3.FileWidth = 120
		$3.TabWidth = 4
		$3.IndentWidth = 4
		$3.EolMarker = Unix
		$3.inheritsSet = Mono
		$3.inheritsScope = text/plain
		$3.scope = text/plain
	EndGlobalSection

EndGlobal
